
Microsoft Visual Studio Solution File, Format Version 12.00
# Visual Studio 15
VisualStudioVersion = 15.0.28307.102
MinimumVisualStudioVersion = 10.0.40219.1
Project("{FAE04EC0-301F-11D3-BF4B-00C04F79EFBC}") = "simple_calculator", "WpfApp1\simple_calculator.csproj", "{9D7EC7BF-D857-416D-8745-99F008169783}"
EndProject
Global
	GlobalSection(SolutionConfigurationPlatforms) = preSolution
		Debug|Any CPU = Debug|Any CPU
		Release|Any CPU = Release|Any CPU
	EndGlobalSection
	GlobalSection(ProjectConfigurationPlatforms) = postSolution
		{9D7EC7BF-D857-416D-8745-99F008169783}.Debug|Any CPU.ActiveCfg = Debug|Any CPU
		{9D7EC7BF-D857-416D-8745-99F008169783}.Debug|Any CPU.Build.0 = Debug|Any CPU
		{9D7EC7BF-D857-416D-8745-99F008169783}.Release|Any CPU.ActiveCfg = Release|Any CPU
		{9D7EC7BF-D857-416D-8745-99F008169783}.Release|Any CPU.Build.0 = Release|Any CPU
	EndGlobalSection
	GlobalSection(SolutionProperties) = preSolution
		HideSolutionNode = FALSE
	EndGlobalSection
	GlobalSection(ExtensibilityGlobals) = postSolution
		SolutionGuid = {F8E3D8D8-176A-419E-BCBF-4FB99C4C579A}
	EndGlobalSection
EndGlobal
